
Microsoft Visual Studio Solution File, Format Version 12.00
Project("{2150E333-8FDC-42A3-9474-1A3956D46DE8}") = "src", "src", "{8D936768-036A-424C-AA40-B49F4C38D7F5}"
EndProject
Project("{2150E333-8FDC-42A3-9474-1A3956D46DE8}") = "test", "test", "{54BD6E05-BB76-441E-AC31-99E6960E8E97}"
EndProject
Project("{FAE04EC0-301F-11D3-BF4B-00C04F79EFBC}") = "Core", "Core\Core.csproj", "{8840196F-3DE0-4BD6-B9E3-4D573C0C2677}"
EndProject
Project("{FAE04EC0-301F-11D3-BF4B-00C04F79EFBC}") = "Infrastructure", "Infrastructure\Infrastructure.csproj", "{EE770CCA-62BC-44D2-9F8B-1EAF8CF7A7C2}"
EndProject
Project("{FAE04EC0-301F-11D3-BF4B-00C04F79EFBC}") = "API", "API\API.csproj", "{0C8275F4-21F0-4460-9533-89A7D0FE8DAE}"
EndProject
Project("{FAE04EC0-301F-11D3-BF4B-00C04F79EFBC}") = "Shared", "Shared\Shared.csproj", "{63AB3740-7CF9-4CAE-863B-7FF0C2A7A2CB}"
EndProject
Global
	GlobalSection(SolutionConfigurationPlatforms) = preSolution
		Debug|Any CPU = Debug|Any CPU
		Release|Any CPU = Release|Any CPU
	EndGlobalSection
	GlobalSection(NestedProjects) = preSolution
		{8840196F-3DE0-4BD6-B9E3-4D573C0C2677} = {8D936768-036A-424C-AA40-B49F4C38D7F5}
		{EE770CCA-62BC-44D2-9F8B-1EAF8CF7A7C2} = {8D936768-036A-424C-AA40-B49F4C38D7F5}
		{0C8275F4-21F0-4460-9533-89A7D0FE8DAE} = {8D936768-036A-424C-AA40-B49F4C38D7F5}
		{63AB3740-7CF9-4CAE-863B-7FF0C2A7A2CB} = {8D936768-036A-424C-AA40-B49F4C38D7F5}
	EndGlobalSection
	GlobalSection(ProjectConfigurationPlatforms) = postSolution
		{8840196F-3DE0-4BD6-B9E3-4D573C0C2677}.Debug|Any CPU.ActiveCfg = Debug|Any CPU
		{8840196F-3DE0-4BD6-B9E3-4D573C0C2677}.Debug|Any CPU.Build.0 = Debug|Any CPU
		{8840196F-3DE0-4BD6-B9E3-4D573C0C2677}.Release|Any CPU.ActiveCfg = Release|Any CPU
		{8840196F-3DE0-4BD6-B9E3-4D573C0C2677}.Release|Any CPU.Build.0 = Release|Any CPU
		{EE770CCA-62BC-44D2-9F8B-1EAF8CF7A7C2}.Debug|Any CPU.ActiveCfg = Debug|Any CPU
		{EE770CCA-62BC-44D2-9F8B-1EAF8CF7A7C2}.Debug|Any CPU.Build.0 = Debug|Any CPU
		{EE770CCA-62BC-44D2-9F8B-1EAF8CF7A7C2}.Release|Any CPU.ActiveCfg = Release|Any CPU
		{EE770CCA-62BC-44D2-9F8B-1EAF8CF7A7C2}.Release|Any CPU.Build.0 = Release|Any CPU
		{0C8275F4-21F0-4460-9533-89A7D0FE8DAE}.Debug|Any CPU.ActiveCfg = Debug|Any CPU
		{0C8275F4-21F0-4460-9533-89A7D0FE8DAE}.Debug|Any CPU.Build.0 = Debug|Any CPU
		{0C8275F4-21F0-4460-9533-89A7D0FE8DAE}.Release|Any CPU.ActiveCfg = Release|Any CPU
		{0C8275F4-21F0-4460-9533-89A7D0FE8DAE}.Release|Any CPU.Build.0 = Release|Any CPU
		{63AB3740-7CF9-4CAE-863B-7FF0C2A7A2CB}.Debug|Any CPU.ActiveCfg = Debug|Any CPU
		{63AB3740-7CF9-4CAE-863B-7FF0C2A7A2CB}.Debug|Any CPU.Build.0 = Debug|Any CPU
		{63AB3740-7CF9-4CAE-863B-7FF0C2A7A2CB}.Release|Any CPU.ActiveCfg = Release|Any CPU
		{63AB3740-7CF9-4CAE-863B-7FF0C2A7A2CB}.Release|Any CPU.Build.0 = Release|Any CPU
	EndGlobalSection
EndGlobal
